
Microsoft Visual Studio Solution File, Format Version 12.00
# Visual Studio 2012
Project("{888888A0-9F3D-457C-B088-3A5042F75D52}") = "DDA", "DDA.pyproj", "{06A23157-BF56-4A8B-8D7B-43B85205BA67}"
EndProject
Global
	GlobalSection(SolutionConfigurationPlatforms) = preSolution
		Debug|Any CPU = Debug|Any CPU
		Release|Any CPU = Release|Any CPU
	EndGlobalSection
	GlobalSection(ProjectConfigurationPlatforms) = postSolution
		{06A23157-BF56-4A8B-8D7B-43B85205BA67}.Debug|Any CPU.ActiveCfg = Debug|Any CPU
		{06A23157-BF56-4A8B-8D7B-43B85205BA67}.Debug|Any CPU.Build.0 = Debug|Any CPU
		{06A23157-BF56-4A8B-8D7B-43B85205BA67}.Release|Any CPU.ActiveCfg = Release|Any CPU
		{06A23157-BF56-4A8B-8D7B-43B85205BA67}.Release|Any CPU.Build.0 = Release|Any CPU
	EndGlobalSection
	GlobalSection(SolutionProperties) = preSolution
		HideSolutionNode = FALSE
	EndGlobalSection
EndGlobal
